Microsoft Visual Studio Solution File, Format Version 12.00
# Visual Studio 15
VisualStudioVersion = 15.0.28010.2048
MinimumVisualStudioVersion = 10.0.40219.1
Project("{2150E333-8FDC-42A3-9474-1A3956D46DE8}") = "Solution Items", "Solution Items", "{07BEB613-AF8E-4A55-A881-6240452085E2}"
	ProjectSection(SolutionItems) = preProject
		LICENSE = LICENSE
		Local.testsettings = Local.testsettings
		LTEToolkit.vsmdi = LTEToolkit.vsmdi
		README.md = README.md
		TraceAndTestImpact.testsettings = TraceAndTestImpact.testsettings
	EndProjectSection
EndProject
Project("{FAE04EC0-301F-11D3-BF4B-00C04F79EFBC}") = "LTEToolkitLibrary", "LTEToolkitLibrary\LTEToolkitLibrary.csproj", "{0CAA3B7E-EE96-4BDE-87D3-DDB4E3DFBE42}"
EndProject
Project("{FAE04EC0-301F-11D3-BF4B-00C04F79EFBC}") = "LTEWebAppToolKit", "LTEWebAppToolKit\LTEWebAppToolKit.csproj", "{6FF9A3EB-2182-47C0-8D70-676155DFFA12}"
EndProject
Project("{FAE04EC0-301F-11D3-BF4B-00C04F79EFBC}") = "SimplePaletteQuantizerModLTE", "SimplePaletteQuantizerModLTE\SimplePaletteQuantizerModLTE.csproj", "{6A586BEA-429F-4DF9-9501-9CCFA3D533DD}"
EndProject
Project("{FAE04EC0-301F-11D3-BF4B-00C04F79EFBC}") = "FourFivePortability", "FourFivePortability\FourFivePortability.csproj", "{351DDA25-4FDD-463E-9985-368546CF5733}"
EndProject
Project("{FAE04EC0-301F-11D3-BF4B-00C04F79EFBC}") = "LTEToolkitLibraryTestProject", "LTEToolkitLibraryTestProject\LTEToolkitLibraryTestProject.csproj", "{EABC6BDA-F80E-4B11-B1B4-225F17CBB1FF}"
EndProject
Project("{FAE04EC0-301F-11D3-BF4B-00C04F79EFBC}") = "LTEWPFToolkit", "LTEWPFToolkit\LTEWPFToolkit.csproj", "{34F74EF0-5E26-4225-9772-7D10FA141CAB}"
EndProject
Project("{FAE04EC0-301F-11D3-BF4B-00C04F79EFBC}") = "LTECodeSnippets", "LTECodeSnippets\LTECodeSnippets.csproj", "{6FE115DA-E8C3-47B1-972C-5904BD77A7CE}"
EndProject
Global
	GlobalSection(SolutionConfigurationPlatforms) = preSolution
		Debug|Any CPU = Debug|Any CPU
		Release|Any CPU = Release|Any CPU
	EndGlobalSection
	GlobalSection(ProjectConfigurationPlatforms) = postSolution
		{0CAA3B7E-EE96-4BDE-87D3-DDB4E3DFBE42}.Debug|Any CPU.ActiveCfg = Debug|Any CPU
		{0CAA3B7E-EE96-4BDE-87D3-DDB4E3DFBE42}.Debug|Any CPU.Build.0 = Debug|Any CPU
		{0CAA3B7E-EE96-4BDE-87D3-DDB4E3DFBE42}.Release|Any CPU.ActiveCfg = Release|Any CPU
		{0CAA3B7E-EE96-4BDE-87D3-DDB4E3DFBE42}.Release|Any CPU.Build.0 = Release|Any CPU
		{6FF9A3EB-2182-47C0-8D70-676155DFFA12}.Debug|Any CPU.ActiveCfg = Debug|Any CPU
		{6FF9A3EB-2182-47C0-8D70-676155DFFA12}.Debug|Any CPU.Build.0 = Debug|Any CPU
		{6FF9A3EB-2182-47C0-8D70-676155DFFA12}.Release|Any CPU.ActiveCfg = Release|Any CPU
		{6FF9A3EB-2182-47C0-8D70-676155DFFA12}.Release|Any CPU.Build.0 = Release|Any CPU
		{6A586BEA-429F-4DF9-9501-9CCFA3D533DD}.Debug|Any CPU.ActiveCfg = Debug|Any CPU
		{6A586BEA-429F-4DF9-9501-9CCFA3D533DD}.Debug|Any CPU.Build.0 = Debug|Any CPU
		{6A586BEA-429F-4DF9-9501-9CCFA3D533DD}.Release|Any CPU.ActiveCfg = Release|Any CPU
		{6A586BEA-429F-4DF9-9501-9CCFA3D533DD}.Release|Any CPU.Build.0 = Release|Any CPU
		{351DDA25-4FDD-463E-9985-368546CF5733}.Debug|Any CPU.ActiveCfg = Debug|Any CPU
		{351DDA25-4FDD-463E-9985-368546CF5733}.Debug|Any CPU.Build.0 = Debug|Any CPU
		{351DDA25-4FDD-463E-9985-368546CF5733}.Release|Any CPU.ActiveCfg = Release|Any CPU
		{351DDA25-4FDD-463E-9985-368546CF5733}.Release|Any CPU.Build.0 = Release|Any CPU
		{EABC6BDA-F80E-4B11-B1B4-225F17CBB1FF}.Debug|Any CPU.ActiveCfg = Debug|Any CPU
		{EABC6BDA-F80E-4B11-B1B4-225F17CBB1FF}.Debug|Any CPU.Build.0 = Debug|Any CPU
		{EABC6BDA-F80E-4B11-B1B4-225F17CBB1FF}.Release|Any CPU.ActiveCfg = Release|Any CPU
		{EABC6BDA-F80E-4B11-B1B4-225F17CBB1FF}.Release|Any CPU.Build.0 = Release|Any CPU
		{34F74EF0-5E26-4225-9772-7D10FA141CAB}.Debug|Any CPU.ActiveCfg = Debug|Any CPU
		{34F74EF0-5E26-4225-9772-7D10FA141CAB}.Debug|Any CPU.Build.0 = Debug|Any CPU
		{34F74EF0-5E26-4225-9772-7D10FA141CAB}.Release|Any CPU.ActiveCfg = Release|Any CPU
		{34F74EF0-5E26-4225-9772-7D10FA141CAB}.Release|Any CPU.Build.0 = Release|Any CPU
		{6FE115DA-E8C3-47B1-972C-5904BD77A7CE}.Debug|Any CPU.ActiveCfg = Debug|Any CPU
		{6FE115DA-E8C3-47B1-972C-5904BD77A7CE}.Debug|Any CPU.Build.0 = Debug|Any CPU
		{6FE115DA-E8C3-47B1-972C-5904BD77A7CE}.Release|Any CPU.ActiveCfg = Release|Any CPU
		{6FE115DA-E8C3-47B1-972C-5904BD77A7CE}.Release|Any CPU.Build.0 = Release|Any CPU
	EndGlobalSection
	GlobalSection(SolutionProperties) = preSolution
		HideSolutionNode = FALSE
	EndGlobalSection
	GlobalSection(ExtensibilityGlobals) = postSolution
		SolutionGuid = {F9DA58C6-345E-4838-953F-77EA8CB0EF8F}
	EndGlobalSection
	GlobalSection(SubversionScc) = preSolution
		Svn-Managed = True
		Manager = AnkhSVN - Subversion Support for Visual Studio
	EndGlobalSection
	GlobalSection(TestCaseManagementSettings) = postSolution
		CategoryFile = LTEToolkit.vsmdi
	EndGlobalSection
EndGlobal
